{
  "name": "nostrillery",
  "version": "1.0.0",
  "lockfileVersion": 2,
  "requires": true,
  "packages": {
    "": {
      "name": "nostrillery",
      "version": "1.0.0",
      "license": "MIT",
      "dependencies": {
        "@noble/secp256k1": "^1.6.3"
      }
    },
    "node_modules/@noble/secp256k1": {
      "version": "1.6.3",
      "resolved": "https://registry.npmjs.org/@noble/secp256k1/-/secp256k1-1.6.3.tgz",
      "integrity": "sha512-T04e4iTurVy7I8Sw4+c5OSN9/RkPlo1uKxAomtxQNLq8j1uPAqnsqG1bqvY3Jv7c13gyr6dui0zmh/I3+f/JaQ==",
      "funding": [
        {
          "type": "individual",
          "url": "https://paulmillr.com/funding/"
        }
      ]
    }
  },
  "dependencies": {
    "@noble/secp256k1": {
      "version": "1.6.3",
      "resolved": "https://registry.npmjs.org/@noble/secp256k1/-/secp256k1-1.6.3.tgz",
      "integrity": "sha512-T04e4iTurVy7I8Sw4+c5OSN9/RkPlo1uKxAomtxQNLq8j1uPAqnsqG1bqvY3Jv7c13gyr6dui0zmh/I3+f/JaQ=="
    }
  }
}
